
Microsoft Visual Studio Solution File, Format Version 12.00
# Visual Studio 2012
Project("{262852C6-CD72-467D-83FE-5EEB1973A190}") = "TrafficInfo", "TrafficInfo\TrafficInfo.jsproj", "{3E53A469-4019-4682-82A8-1DAD69748C5A}"
EndProject
Project("{2150E333-8FDC-42A3-9474-1A3956D46DE8}") = "Tests", "Tests", "{024F4520-C988-4609-9D4C-407389D9AA95}"
EndProject
Project("{2150E333-8FDC-42A3-9474-1A3956D46DE8}") = "Solution Items", "Solution Items", "{60587A87-BF5A-4BBC-9DD8-23054A43A235}"
EndProject
Project("{FAE04EC0-301F-11D3-BF4B-00C04F79EFBC}") = "TrafficInfoTest", "TrafficInfoTest\TrafficInfoTest.csproj", "{9E6C73EC-C2DD-4F8E-9D71-CA9B2DB4DCE3}"
EndProject
Global
	GlobalSection(SolutionConfigurationPlatforms) = preSolution
		Debug|Any CPU = Debug|Any CPU
		Debug|ARM = Debug|ARM
		Debug|x64 = Debug|x64
		Debug|x86 = Debug|x86
		Release|Any CPU = Release|Any CPU
		Release|ARM = Release|ARM
		Release|x64 = Release|x64
		Release|x86 = Release|x86
	EndGlobalSection
	GlobalSection(ProjectConfigurationPlatforms) = postSolution
		{3E53A469-4019-4682-82A8-1DAD69748C5A}.Debug|Any CPU.ActiveCfg = Debug|Any CPU
		{3E53A469-4019-4682-82A8-1DAD69748C5A}.Debug|Any CPU.Build.0 = Debug|Any CPU
		{3E53A469-4019-4682-82A8-1DAD69748C5A}.Debug|Any CPU.Deploy.0 = Debug|Any CPU
		{3E53A469-4019-4682-82A8-1DAD69748C5A}.Debug|ARM.ActiveCfg = Debug|ARM
		{3E53A469-4019-4682-82A8-1DAD69748C5A}.Debug|ARM.Build.0 = Debug|ARM
		{3E53A469-4019-4682-82A8-1DAD69748C5A}.Debug|ARM.Deploy.0 = Debug|ARM
		{3E53A469-4019-4682-82A8-1DAD69748C5A}.Debug|x64.ActiveCfg = Debug|x64
		{3E53A469-4019-4682-82A8-1DAD69748C5A}.Debug|x64.Build.0 = Debug|x64
		{3E53A469-4019-4682-82A8-1DAD69748C5A}.Debug|x64.Deploy.0 = Debug|x64
		{3E53A469-4019-4682-82A8-1DAD69748C5A}.Debug|x86.ActiveCfg = Debug|x86
		{3E53A469-4019-4682-82A8-1DAD69748C5A}.Debug|x86.Build.0 = Debug|x86
		{3E53A469-4019-4682-82A8-1DAD69748C5A}.Debug|x86.Deploy.0 = Debug|x86
		{3E53A469-4019-4682-82A8-1DAD69748C5A}.Release|Any CPU.ActiveCfg = Release|Any CPU
		{3E53A469-4019-4682-82A8-1DAD69748C5A}.Release|Any CPU.Build.0 = Release|Any CPU
		{3E53A469-4019-4682-82A8-1DAD69748C5A}.Release|Any CPU.Deploy.0 = Release|Any CPU
		{3E53A469-4019-4682-82A8-1DAD69748C5A}.Release|ARM.ActiveCfg = Release|ARM
		{3E53A469-4019-4682-82A8-1DAD69748C5A}.Release|ARM.Build.0 = Release|ARM
		{3E53A469-4019-4682-82A8-1DAD69748C5A}.Release|ARM.Deploy.0 = Release|ARM
		{3E53A469-4019-4682-82A8-1DAD69748C5A}.Release|x64.ActiveCfg = Release|x64
		{3E53A469-4019-4682-82A8-1DAD69748C5A}.Release|x64.Build.0 = Release|x64
		{3E53A469-4019-4682-82A8-1DAD69748C5A}.Release|x64.Deploy.0 = Release|x64
		{3E53A469-4019-4682-82A8-1DAD69748C5A}.Release|x86.ActiveCfg = Release|x86
		{3E53A469-4019-4682-82A8-1DAD69748C5A}.Release|x86.Build.0 = Release|x86
		{3E53A469-4019-4682-82A8-1DAD69748C5A}.Release|x86.Deploy.0 = Release|x86
		{9E6C73EC-C2DD-4F8E-9D71-CA9B2DB4DCE3}.Debug|Any CPU.ActiveCfg = Debug|Any CPU
		{9E6C73EC-C2DD-4F8E-9D71-CA9B2DB4DCE3}.Debug|Any CPU.Build.0 = Debug|Any CPU
		{9E6C73EC-C2DD-4F8E-9D71-CA9B2DB4DCE3}.Debug|ARM.ActiveCfg = Debug|Any CPU
		{9E6C73EC-C2DD-4F8E-9D71-CA9B2DB4DCE3}.Debug|x64.ActiveCfg = Debug|Any CPU
		{9E6C73EC-C2DD-4F8E-9D71-CA9B2DB4DCE3}.Debug|x86.ActiveCfg = Debug|Any CPU
		{9E6C73EC-C2DD-4F8E-9D71-CA9B2DB4DCE3}.Release|Any CPU.ActiveCfg = Release|Any CPU
		{9E6C73EC-C2DD-4F8E-9D71-CA9B2DB4DCE3}.Release|Any CPU.Build.0 = Release|Any CPU
		{9E6C73EC-C2DD-4F8E-9D71-CA9B2DB4DCE3}.Release|ARM.ActiveCfg = Release|Any CPU
		{9E6C73EC-C2DD-4F8E-9D71-CA9B2DB4DCE3}.Release|x64.ActiveCfg = Release|Any CPU
		{9E6C73EC-C2DD-4F8E-9D71-CA9B2DB4DCE3}.Release|x86.ActiveCfg = Release|Any CPU
	EndGlobalSection
	GlobalSection(SolutionProperties) = preSolution
		HideSolutionNode = FALSE
	EndGlobalSection
	GlobalSection(NestedProjects) = preSolution
		{9E6C73EC-C2DD-4F8E-9D71-CA9B2DB4DCE3} = {024F4520-C988-4609-9D4C-407389D9AA95}
	EndGlobalSection
EndGlobal
